// !$*UTF8*$!
{
	archiveVersion = 1;
	classes = {
	};
	objectVersion = 50;
	objects = {

/* Begin PBXBuildFile section */
		091277CC22BE6E0B009A71BF /* AppDelegate.swift in Sources */ = {isa = PBXBuildFile; fileRef = 091277CB22BE6E0B009A71BF /* AppDelegate.swift */; };
		091277CE22BE6E0B009A71BF /* ViewController.swift in Sources */ = {isa = PBXBuildFile; fileRef = 091277CD22BE6E0B009A71BF /* ViewController.swift */; };
		091277D122BE6E0B009A71BF /* Main.storyboard in Resources */ = {isa = PBXBuildFile; fileRef = 091277CF22BE6E0B009A71BF /* Main.storyboard */; };
		091277D422BE6E0B009A71BF /* DemoGestures.xcdatamodeld in Sources */ = {isa = PBXBuildFile; fileRef = 091277D222BE6E0B009A71BF /* DemoGestures.xcdatamodeld */; };
		091277D622BE6E0C009A71BF /* Assets.xcassets in Resources */ = {isa = PBXBuildFile; fileRef = 091277D522BE6E0C009A71BF /* Assets.xcassets */; };
		091277D922BE6E0C009A71BF /* LaunchScreen.storyboard in Resources */ = {isa = PBXBuildFile; fileRef = 091277D722BE6E0C009A71BF /* LaunchScreen.storyboard */; };
		091277E322BE6EAA009A71BF /* CustomView.swift in Sources */ = {isa = PBXBuildFile; fileRef = 091277E222BE6EAA009A71BF /* CustomView.swift */; };
/* End PBXBuildFile section */

/* Begin PBXFileReference section */
		091277C822BE6E0B009A71BF /* DemoGestures.app */ = {isa = PBXFileReference; explicitFileType = wrapper.application; includeInIndex = 0; path = DemoGestures.app; sourceTree = BUILT_PRODUCTS_DIR; };
		091277CB22BE6E0B009A71BF /* AppDelegate.swift */ = {isa = PBXFileReference; lastKnownFileType = sourcecode.swift; path = AppDelegate.swift; sourceTree = "<group>"; };
		091277CD22BE6E0B009A71BF /* ViewController.swift */ = {isa = PBXFileReference; lastKnownFileType = sourcecode.swift; path = ViewController.swift; sourceTree = "<group>"; };
		091277D022BE6E0B009A71BF /* Base */ = {isa = PBXFileReference; lastKnownFileType = file.storyboard; name = Base; path = Base.lproj/Main.storyboard; sourceTree = "<group>"; };
		091277D322BE6E0B009A71BF /* DemoGestures.xcdatamodel */ = {isa = PBXFileReference; lastKnownFileType = wrapper.xcdatamodel; path = DemoGestures.xcdatamodel; sourceTree = "<group>"; };
		091277D522BE6E0C009A71BF /* Assets.xcassets */ = {isa = PBXFileReference; lastKnownFileType = folder.assetcatalog; path = Assets.xcassets; sourceTree = "<group>"; };
		091277D822BE6E0C009A71BF /* Base */ = {isa = PBXFileReference; lastKnownFileType = file.storyboard; name = Base; path = Base.lproj/LaunchScreen.storyboard; sourceTree = "<group>"; };
		091277DA22BE6E0C009A71BF /* Info.plist */ = {isa = PBXFileReference; lastKnownFileType = text.plist.xml; path = Info.plist; sourceTree = "<group>"; };
		091277E222BE6EAA009A71BF /* CustomView.swift */ = {isa = PBXFileReference; lastKnownFileType = sourcecode.swift; path = CustomView.swift; sourceTree = "<group>"; };
/* End PBXFileReference section */

/* Begin PBXFrameworksBuildPhase section */
		091277C522BE6E0B009A71BF /* Frameworks */ = {
			isa = PBXFrameworksBuildPhase;
			buildActionMask = 2147483647;
			files = (
			);
			runOnlyForDeploymentPostprocessing = 0;
		};
/* End PBXFrameworksBuildPhase section */

/* Begin PBXGroup section */
		091277BF22BE6E0B009A71BF = {
			isa = PBXGroup;
			children = (
				091277CA22BE6E0B009A71BF /* DemoGestures */,
				091277C922BE6E0B009A71BF /* Products */,
			);
			sourceTree = "<group>";
		};
		091277C922BE6E0B009A71BF /* Products */ = {
			isa = PBXGroup;
			children = (
				091277C822BE6E0B009A71BF /* DemoGestures.app */,
			);
			name = Products;
			sourceTree = "<group>";
		};
		091277CA22BE6E0B009A71BF /* DemoGestures */ = {
			isa = PBXGroup;
			children = (
				091277CB22BE6E0B009A71BF /* AppDelegate.swift */,
				091277CD22BE6E0B009A71BF /* ViewController.swift */,
				091277CF22BE6E0B009A71BF /* Main.storyboard */,
				091277D522BE6E0C009A71BF /* Assets.xcassets */,
				091277D722BE6E0C009A71BF /* LaunchScreen.storyboard */,
				091277DA22BE6E0C009A71BF /* Info.plist */,
				091277D222BE6E0B009A71BF /* DemoGestures.xcdatamodeld */,
				091277E222BE6EAA009A71BF /* CustomView.swift */,
			);
			path = DemoGestures;
			sourceTree = "<group>";
		};
/* End PBXGroup section */

/* Begin PBXNativeTarget section */
		091277C722BE6E0B009A71BF /* DemoGestures */ = {
			isa = PBXNativeTarget;
			buildConfigurationList = 091277DD22BE6E0C009A71BF /* Build configuration list for PBXNativeTarget "DemoGestures" */;
			buildPhases = (
				091277C422BE6E0B009A71BF /* Sources */,
				091277C522BE6E0B009A71BF /* Frameworks */,
				091277C622BE6E0B009A71BF /* Resources */,
			);
			buildRules = (
			);
			dependencies = (
			);
			name = DemoGestures;
			productName = DemoGestures;
			productReference = 091277C822BE6E0B009A71BF /* DemoGestures.app */;
			productType = "com.apple.product-type.application";
		};
/* End PBXNativeTarget section */

/* Begin PBXProject section */
		091277C022BE6E0B009A71BF /* Project object */ = {
			isa = PBXProject;
			attributes = {
				LastSwiftUpdateCheck = 1020;
				LastUpgradeCheck = 1020;
				ORGANIZATIONNAME = IdrisLabs;
				TargetAttributes = {
					091277C722BE6E0B009A71BF = {
						CreatedOnToolsVersion = 10.2.1;
					};
				};
			};
			buildConfigurationList = 091277C322BE6E0B009A71BF /* Build configuration list for PBXProject "DemoGestures" */;
			compatibilityVersion = "Xcode 9.3";
			developmentRegion = en;
			hasScannedForEncodings = 0;
			knownRegions = (
				en,
				Base,
			);
			mainGroup = 091277BF22BE6E0B009A71BF;
			productRefGroup = 091277C922BE6E0B009A71BF /* Products */;
			projectDirPath = "";
			projectRoot = "";
			targets = (
				091277C722BE6E0B009A71BF /* DemoGestures */,
			);
		};
/* End PBXProject section */

/* Begin PBXResourcesBuildPhase section */
		091277C622BE6E0B009A71BF /* Resources */ = {
			isa = PBXResourcesBuildPhase;
			buildActionMask = 2147483647;
			files = (
				091277D922BE6E0C009A71BF /* LaunchScreen.storyboard in Resources */,
				091277D622BE6E0C009A71BF /* Assets.xcassets in Resources */,
				091277D122BE6E0B009A71BF /* Main.storyboard in Resources */,
			);
			runOnlyForDeploymentPostprocessing = 0;
		};
/* End PBXResourcesBuildPhase section */

/* Begin PBXSourcesBuildPhase section */
		091277C422BE6E0B009A71BF /* Sources */ = {
			isa = PBXSourcesBuildPhase;
			buildActionMask = 2147483647;
			files = (
				091277CE22BE6E0B009A71BF /* ViewController.swift in Sources */,
				091277E322BE6EAA009A71BF /* CustomView.swift in Sources */,
				091277CC22BE6E0B009A71BF /* AppDelegate.swift in Sources */,
				091277D422BE6E0B009A71BF /* DemoGestures.xcdatamodeld in Sources */,
			);
			runOnlyForDeploymentPostprocessing = 0;
		};
/* End PBXSourcesBuildPhase section */

/* Begin PBXVariantGroup section */
		091277CF22BE6E0B009A71BF /* Main.storyboard */ = {
			isa = PBXVariantGroup;
			children = (
				091277D022BE6E0B009A71BF /* Base */,
			);
			name = Main.storyboard;
			sourceTree = "<group>";
		};
		091277D722BE6E0C009A71BF /* LaunchScreen.storyboard */ = {
			isa = PBXVariantGroup;
			children = (
				091277D822BE6E0C009A71BF /* Base */,
			);
			name = LaunchScreen.storyboard;
			sourceTree = "<group>";
		};
/* End PBXVariantGroup section */

/* Begin XCBuildConfiguration section */
		091277DB22BE6E0C009A71BF /* Debug */ = {
			isa = XCBuildConfiguration;
			buildSettings = {
				ALWAYS_SEARCH_USER_PATHS = NO;
				CLANG_ANALYZER_NONNULL = YES;
				CLANG_ANALYZER_NUMBER_OBJECT_CONVERSION = YES_AGGRESSIVE;
				CLANG_CXX_LANGUAGE_STANDARD = "gnu++14";
				CLANG_CXX_LIBRARY = "libc++";
				CLANG_ENABLE_MODULES = YES;
				CLANG_ENABLE_OBJC_ARC = YES;
				CLANG_ENABLE_OBJC_WEAK = YES;
				CLANG_WARN_BLOCK_CAPTURE_AUTORELEASING = YES;
				CLANG_WARN_BOOL_CONVERSION = YES;
				CLANG_WARN_COMMA = YES;
				CLANG_WARN_CONSTANT_CONVERSION = YES;
				CLANG_WARN_DEPRECATED_OBJC_IMPLEMENTATIONS = YES;
				CLANG_WARN_DIRECT_OBJC_ISA_USAGE = YES_ERROR;
				CLANG_WARN_DOCUMENTATION_COMMENTS = YES;
				CLANG_WARN_EMPTY_BODY = YES;
				CLANG_WARN_ENUM_CONVERSION = YES;
				CLANG_WARN_INFINITE_RECURSION = YES;
				CLANG_WARN_INT_CONVERSION = YES;
				CLANG_WARN_NON_LITERAL_NULL_CONVERSION = YES;
				CLANG_WARN_OBJC_IMPLICIT_RETAIN_SELF = YES;
				CLANG_WARN_OBJC_LITERAL_CONVERSION = YES;
				CLANG_WARN_OBJC_ROOT_CLASS = YES_ERROR;
				CLANG_WARN_RANGE_LOOP_ANALYSIS = YES;
				CLANG_WARN_STRICT_PROTOTYPES = YES;
				CLANG_WARN_SUSPICIOUS_MOVE = YES;
				CLANG_WARN_UNGUARDED_AVAILABILITY = YES_AGGRESSIVE;
				CLANG_WARN_UNREACHABLE_CODE = YES;
				CLANG_WARN__DUPLICATE_METHOD_MATCH = YES;
				CODE_SIGN_IDENTITY = "iPhone Developer";
				COPY_PHASE_STRIP = NO;
				DEBUG_INFORMATION_FORMAT = dwarf;
				ENABLE_STRICT_OBJC_MSGSEND = YES;
				ENABLE_TESTABILITY = YES;
				GCC_C_LANGUAGE_STANDARD = gnu11;
				GCC_DYNAMIC_NO_PIC = NO;
				GCC_NO_COMMON_BLOCKS = YES;
				GCC_OPTIMIZATION_LEVEL = 0;
				GCC_PREPROCESSOR_DEFINITIONS = (
					"DEBUG=1",
					"$(inherited)",
				);
				GCC_WARN_64_TO_32_BIT_CONVERSION = YES;
				GCC_WARN_ABOUT_RETURN_TYPE = YES_ERROR;
				GCC_WARN_UNDECLARED_SELECTOR = YES;
				GCC_WARN_UNINITIALIZED_AUTOS = YES_AGGRESSIVE;
				GCC_WARN_UNUSED_FUNCTION = YES;
				GCC_WARN_UNUSED_VARIABLE = YES;
				IPHONEOS_DEPLOYMENT_TARGET = 12.2;
				MTL_ENABLE_DEBUG_INFO = INCLUDE_SOURCE;
				MTL_FAST_MATH = YES;
				ONLY_ACTIVE_ARCH = YES;
				SDKROOT = iphoneos;
				SWIFT_ACTIVE_COMPILATION_CONDITIONS = DEBUG;
				SWIFT_OPTIMIZATION_LEVEL = "-Onone";
			};
			name = Debug;
		};
		091277DC22BE6E0C009A71BF /* Release */ = {
			isa = XCBuildConfiguration;
			buildSettings = {
				ALWAYS_SEARCH_USER_PATHS = NO;
				CLANG_ANALYZER_NONNULL = YES;
				CLANG_ANALYZER_NUMBER_OBJECT_CONVERSION = YES_AGGRESSIVE;
				CLANG_CXX_LANGUAGE_STANDARD = "gnu++14";
				CLANG_CXX_LIBRARY = "libc++";
				CLANG_ENABLE_MODULES = YES;
				CLANG_ENABLE_OBJC_ARC = YES;
				CLANG_ENABLE_OBJC_WEAK = YES;
				CLANG_WARN_BLOCK_CAPTURE_AUTORELEASING = YES;
				CLANG_WARN_BOOL_CONVERSION = YES;
				CLANG_WARN_COMMA = YES;
				CLANG_WARN_CONSTANT_CONVERSION = YES;
				CLANG_WARN_DEPRECATED_OBJC_IMPLEMENTATIONS = YES;
				CLANG_WARN_DIRECT_OBJC_ISA_USAGE = YES_ERROR;
				CLANG_WARN_DOCUMENTATION_COMMENTS = YES;
				CLANG_WARN_EMPTY_BODY = YES;
				CLANG_WARN_ENUM_CONVERSION = YES;
				CLANG_WARN_INFINITE_RECURSION = YES;
				CLANG_WARN_INT_CONVERSION = YES;
				CLANG_WARN_NON_LITERAL_NULL_CONVERSION = YES;
				CLANG_WARN_OBJC_IMPLICIT_RETAIN_SELF = YES;
				CLANG_WARN_OBJC_LITERAL_CONVERSION = YES;
				CLANG_WARN_OBJC_ROOT_CLASS = YES_ERROR;
				CLANG_WARN_RANGE_LOOP_ANALYSIS = YES;
				CLANG_WARN_STRICT_PROTOTYPES = YES;
				CLANG_WARN_SUSPICIOUS_MOVE = YES;
				CLANG_WARN_UNGUARDED_AVAILABILITY = YES_AGGRESSIVE;
				CLANG_WARN_UNREACHABLE_CODE = YES;
				CLANG_WARN__DUPLICATE_METHOD_MATCH = YES;
				CODE_SIGN_IDENTITY = "iPhone Developer";
				COPY_PHASE_STRIP = NO;
				DEBUG_INFORMATION_FORMAT = "dwarf-with-dsym";
				ENABLE_NS_ASSERTIONS = NO;
				ENABLE_STRICT_OBJC_MSGSEND = YES;
				GCC_C_LANGUAGE_STANDARD = gnu11;
				GCC_NO_COMMON_BLOCKS = YES;
				GCC_WARN_64_TO_32_BIT_CONVERSION = YES;
				GCC_WARN_ABOUT_RETURN_TYPE = YES_ERROR;
				GCC_WARN_UNDECLARED_SELECTOR = YES;
				GCC_WARN_UNINITIALIZED_AUTOS = YES_AGGRESSIVE;
				GCC_WARN_UNUSED_FUNCTION = YES;
				GCC_WARN_UNUSED_VARIABLE = YES;
				IPHONEOS_DEPLOYMENT_TARGET = 12.2;
				MTL_ENABLE_DEBUG_INFO = NO;
				MTL_FAST_MATH = YES;
				SDKROOT = iphoneos;
				SWIFT_COMPILATION_MODE = wholemodule;
				SWIFT_OPTIMIZATION_LEVEL = "-O";
				VALIDATE_PRODUCT = YES;
			};
			name = Release;
		};
		091277DE22BE6E0C009A71BF /* Debug */ = {
			isa = XCBuildConfiguration;
			buildSettings = {
				ASSETCATALOG_COMPILER_APPICON_NAME = AppIcon;
				CODE_SIGN_STYLE = Automatic;
				DEVELOPMENT_TEAM = 2GUBR74QSP;
				INFOPLIST_FILE = DemoGestures/Info.plist;
				LD_RUNPATH_SEARCH_PATHS = (
					"$(inherited)",
					"@executable_path/Frameworks",
				);
				PRODUCT_BUNDLE_IDENTIFIER = idrislabs.DemoGestures;
				PRODUCT_NAME = "$(TARGET_NAME)";
				SWIFT_VERSION = 5.0;
				TARGETED_DEVICE_FAMILY = "1,2";
			};
			name = Debug;
		};
		091277DF22BE6E0C009A71BF /* Release */ = {
			isa = XCBuildConfiguration;
			buildSettings = {
				ASSETCATALOG_COMPILER_APPICON_NAME = AppIcon;
				CODE_SIGN_STYLE = Automatic;
				DEVELOPMENT_TEAM = 2GUBR74QSP;
				INFOPLIST_FILE = DemoGestures/Info.plist;
				LD_RUNPATH_SEARCH_PATHS = (
					"$(inherited)",
					"@executable_path/Frameworks",
				);
				PRODUCT_BUNDLE_IDENTIFIER = idrislabs.DemoGestures;
				PRODUCT_NAME = "$(TARGET_NAME)";
				SWIFT_VERSION = 5.0;
				TARGETED_DEVICE_FAMILY = "1,2";
			};
			name = Release;
		};
/* End XCBuildConfiguration section */

/* Begin XCConfigurationList section */
		091277C322BE6E0B009A71BF /* Build configuration list for PBXProject "DemoGestures" */ = {
			isa = XCConfigurationList;
			buildConfigurations = (
				091277DB22BE6E0C009A71BF /* Debug */,
				091277DC22BE6E0C009A71BF /* Release */,
			);
			defaultConfigurationIsVisible = 0;
			defaultConfigurationName = Release;
		};
		091277DD22BE6E0C009A71BF /* Build configuration list for PBXNativeTarget "DemoGestures" */ = {
			isa = XCConfigurationList;
			buildConfigurations = (
				091277DE22BE6E0C009A71BF /* Debug */,
				091277DF22BE6E0C009A71BF /* Release */,
			);
			defaultConfigurationIsVisible = 0;
			defaultConfigurationName = Release;
		};
/* End XCConfigurationList section */

/* Begin XCVersionGroup section */
		091277D222BE6E0B009A71BF /* DemoGestures.xcdatamodeld */ = {
			isa = XCVersionGroup;
			children = (
				091277D322BE6E0B009A71BF /* DemoGestures.xcdatamodel */,
			);
			currentVersion = 091277D322BE6E0B009A71BF /* DemoGestures.xcdatamodel */;
			path = DemoGestures.xcdatamodeld;
			sourceTree = "<group>";
			versionGroupType = wrapper.xcdatamodel;
		};
/* End XCVersionGroup section */
	};
	rootObject = 091277C022BE6E0B009A71BF /* Project object */;
}
